
Microsoft Visual Studio Solution File, Format Version 12.00
# Visual Studio Version 17
VisualStudioVersion = 17.11.35327.3
MinimumVisualStudioVersion = 10.0.40219.1
Project("{FAE04EC0-301F-11D3-BF4B-00C04F79EFBC}") = "DemoConsole", "DemoConsole\DemoConsole.csproj", "{0A39E021-185C-459D-85D2-2993EC769553}"
EndProject
Project("{FAE04EC0-301F-11D3-BF4B-00C04F79EFBC}") = "RuleEngine", "RuleEngine\RuleEngine.csproj", "{15967E0E-1C40-498C-A6E1-1EEAE9241E62}"
EndProject
Project("{FAE04EC0-301F-11D3-BF4B-00C04F79EFBC}") = "RuleEngine.Test", "RuleEngine.Test\RuleEngine.Test.csproj", "{D419B867-F511-4793-AAC4-E612EBE12F49}"
EndProject
Global
	GlobalSection(SolutionConfigurationPlatforms) = preSolution
		Debug|Any CPU = Debug|Any CPU
		Release|Any CPU = Release|Any CPU
	EndGlobalSection
	GlobalSection(ProjectConfigurationPlatforms) = postSolution
		{0A39E021-185C-459D-85D2-2993EC769553}.Debug|Any CPU.ActiveCfg = Debug|Any CPU
		{0A39E021-185C-459D-85D2-2993EC769553}.Debug|Any CPU.Build.0 = Debug|Any CPU
		{0A39E021-185C-459D-85D2-2993EC769553}.Release|Any CPU.ActiveCfg = Release|Any CPU
		{0A39E021-185C-459D-85D2-2993EC769553}.Release|Any CPU.Build.0 = Release|Any CPU
		{15967E0E-1C40-498C-A6E1-1EEAE9241E62}.Debug|Any CPU.ActiveCfg = Debug|Any CPU
		{15967E0E-1C40-498C-A6E1-1EEAE9241E62}.Debug|Any CPU.Build.0 = Debug|Any CPU
		{15967E0E-1C40-498C-A6E1-1EEAE9241E62}.Release|Any CPU.ActiveCfg = Release|Any CPU
		{15967E0E-1C40-498C-A6E1-1EEAE9241E62}.Release|Any CPU.Build.0 = Release|Any CPU
		{D419B867-F511-4793-AAC4-E612EBE12F49}.Debug|Any CPU.ActiveCfg = Debug|Any CPU
		{D419B867-F511-4793-AAC4-E612EBE12F49}.Debug|Any CPU.Build.0 = Debug|Any CPU
		{D419B867-F511-4793-AAC4-E612EBE12F49}.Release|Any CPU.ActiveCfg = Release|Any CPU
		{D419B867-F511-4793-AAC4-E612EBE12F49}.Release|Any CPU.Build.0 = Release|Any CPU
	EndGlobalSection
	GlobalSection(SolutionProperties) = preSolution
		HideSolutionNode = FALSE
	EndGlobalSection
	GlobalSection(ExtensibilityGlobals) = postSolution
		SolutionGuid = {F796FAA6-62F6-4A9B-9E0B-1DFB650F6F40}
	EndGlobalSection
EndGlobal
